
Microsoft Visual Studio Solution File, Format Version 12.00
# Visual Studio Version 17
VisualStudioVersion = 17.9.34728.123
MinimumVisualStudioVersion = 10.0.40219.1
Project("{FAE04EC0-301F-11D3-BF4B-00C04F79EFBC}") = "BugTracker.Server", "BugTracker.Server\BugTracker.Server.csproj", "{7BA872C6-37CD-470F-9F08-804C8AE6CB18}"
EndProject
Project("{54A90642-561A-4BB1-A94E-469ADEE60C69}") = "bugtracker.client", "bugtracker.client\bugtracker.client.esproj", "{A68B1C03-DD62-483F-B352-11EA71A4428A}"
EndProject
Global
	GlobalSection(SolutionConfigurationPlatforms) = preSolution
		Debug|Any CPU = Debug|Any CPU
		Release|Any CPU = Release|Any CPU
	EndGlobalSection
	GlobalSection(ProjectConfigurationPlatforms) = postSolution
		{7BA872C6-37CD-470F-9F08-804C8AE6CB18}.Debug|Any CPU.ActiveCfg = Debug|Any CPU
		{7BA872C6-37CD-470F-9F08-804C8AE6CB18}.Debug|Any CPU.Build.0 = Debug|Any CPU
		{7BA872C6-37CD-470F-9F08-804C8AE6CB18}.Release|Any CPU.ActiveCfg = Release|Any CPU
		{7BA872C6-37CD-470F-9F08-804C8AE6CB18}.Release|Any CPU.Build.0 = Release|Any CPU
		{A68B1C03-DD62-483F-B352-11EA71A4428A}.Debug|Any CPU.ActiveCfg = Debug|Any CPU
		{A68B1C03-DD62-483F-B352-11EA71A4428A}.Debug|Any CPU.Build.0 = Debug|Any CPU
		{A68B1C03-DD62-483F-B352-11EA71A4428A}.Debug|Any CPU.Deploy.0 = Debug|Any CPU
		{A68B1C03-DD62-483F-B352-11EA71A4428A}.Release|Any CPU.ActiveCfg = Release|Any CPU
		{A68B1C03-DD62-483F-B352-11EA71A4428A}.Release|Any CPU.Build.0 = Release|Any CPU
		{A68B1C03-DD62-483F-B352-11EA71A4428A}.Release|Any CPU.Deploy.0 = Release|Any CPU
	EndGlobalSection
	GlobalSection(SolutionProperties) = preSolution
		HideSolutionNode = FALSE
	EndGlobalSection
	GlobalSection(ExtensibilityGlobals) = postSolution
		SolutionGuid = {7AABFAE0-16A4-4846-9564-711AE1CD8B91}
	EndGlobalSection
EndGlobal
